
Microsoft Visual Studio Solution File, Format Version 12.00
# Visual Studio Version 16
VisualStudioVersion = 16.0.33529.622
MinimumVisualStudioVersion = 10.0.40219.1
Project("{FAE04EC0-301F-11D3-BF4B-00C04F79EFBC}") = "universityEnrollments", "universityEnrollments.csproj", "{6481E9B7-71A4-43FF-B63D-4CB3E88CAF52}"
EndProject
Global
	GlobalSection(SolutionConfigurationPlatforms) = preSolution
		Debug|Any CPU = Debug|Any CPU
		Release|Any CPU = Release|Any CPU
	EndGlobalSection
	GlobalSection(ProjectConfigurationPlatforms) = postSolution
		{6481E9B7-71A4-43FF-B63D-4CB3E88CAF52}.Debug|Any CPU.ActiveCfg = Debug|Any CPU
		{6481E9B7-71A4-43FF-B63D-4CB3E88CAF52}.Debug|Any CPU.Build.0 = Debug|Any CPU
		{6481E9B7-71A4-43FF-B63D-4CB3E88CAF52}.Release|Any CPU.ActiveCfg = Release|Any CPU
		{6481E9B7-71A4-43FF-B63D-4CB3E88CAF52}.Release|Any CPU.Build.0 = Release|Any CPU
	EndGlobalSection
	GlobalSection(SolutionProperties) = preSolution
		HideSolutionNode = FALSE
	EndGlobalSection
	GlobalSection(ExtensibilityGlobals) = postSolution
		SolutionGuid = {B7074C84-896F-4BE3-B484-66E756755E26}
	EndGlobalSection
EndGlobal
